<Solution>
  <Project Path="Som3a Addin 2026/Som3a Addin 2026.csproj" Id="7fb273b7-14c8-4397-ae13-fab0cb8390e1" />
  <Project Path="Som3a.Shared/Som3a.Shared.csproj" Id="5563203c-41d7-4ad2-943c-0c0d82f18b33" />
  <Project Path="WpfApp2/Som3a_WPF_UI.csproj" Id="abd7291f-8847-4c5d-b93f-fe1a76337a74" />
</Solution>
